// !$*UTF8*$!
{
	archiveVersion = 1;
	classes = {
	};
	objectVersion = 46;
	objects = {

/* Begin PBXBuildFile section */
		6AC3DAA31DFBDBC600362FF5 /* SQLite.framework in Frameworks */ = {isa = PBXBuildFile; fileRef = 6AC3DA9A1DFBDBB700362FF5 /* SQLite.framework */; };
		6ADFCC6C1DFBD79F005F3F9B /* AppDelegate.swift in Sources */ = {isa = PBXBuildFile; fileRef = 6ADFCC6B1DFBD79F005F3F9B /* AppDelegate.swift */; };
		6ADFCC6E1DFBD79F005F3F9B /* ViewController.swift in Sources */ = {isa = PBXBuildFile; fileRef = 6ADFCC6D1DFBD79F005F3F9B /* ViewController.swift */; };
		6ADFCC701DFBD79F005F3F9B /* Assets.xcassets in Resources */ = {isa = PBXBuildFile; fileRef = 6ADFCC6F1DFBD79F005F3F9B /* Assets.xcassets */; };
		6ADFCC731DFBD79F005F3F9B /* Main.storyboard in Resources */ = {isa = PBXBuildFile; fileRef = 6ADFCC711DFBD79F005F3F9B /* Main.storyboard */; };
/* End PBXBuildFile section */

/* Begin PBXContainerItemProxy section */
		6AC3DA951DFBDBB700362FF5 /* PBXContainerItemProxy */ = {
			isa = PBXContainerItemProxy;
			containerPortal = 6AC3DA8B1DFBDBB700362FF5 /* SQLite.xcodeproj */;
			proxyType = 2;
			remoteGlobalIDString = EE247AD31C3F04ED00AE3E12;
			remoteInfo = "SQLite iOS";
		};
		6AC3DA971DFBDBB700362FF5 /* PBXContainerItemProxy */ = {
			isa = PBXContainerItemProxy;
			containerPortal = 6AC3DA8B1DFBDBB700362FF5 /* SQLite.xcodeproj */;
			proxyType = 2;
			remoteGlobalIDString = EE247ADD1C3F04ED00AE3E12;
			remoteInfo = "SQLiteTests iOS";
		};
		6AC3DA991DFBDBB700362FF5 /* PBXContainerItemProxy */ = {
			isa = PBXContainerItemProxy;
			containerPortal = 6AC3DA8B1DFBDBB700362FF5 /* SQLite.xcodeproj */;
			proxyType = 2;
			remoteGlobalIDString = EE247B3C1C3F3ED000AE3E12;
			remoteInfo = "SQLite Mac";
		};
		6AC3DA9B1DFBDBB700362FF5 /* PBXContainerItemProxy */ = {
			isa = PBXContainerItemProxy;
			containerPortal = 6AC3DA8B1DFBDBB700362FF5 /* SQLite.xcodeproj */;
			proxyType = 2;
			remoteGlobalIDString = EE247B451C3F3ED000AE3E12;
			remoteInfo = "SQLiteTests Mac";
		};
		6AC3DA9D1DFBDBB700362FF5 /* PBXContainerItemProxy */ = {
			isa = PBXContainerItemProxy;
			containerPortal = 6AC3DA8B1DFBDBB700362FF5 /* SQLite.xcodeproj */;
			proxyType = 2;
			remoteGlobalIDString = 03A65E5A1C6BB0F50062603F;
			remoteInfo = "SQLite tvOS";
		};
		6AC3DA9F1DFBDBB700362FF5 /* PBXContainerItemProxy */ = {
			isa = PBXContainerItemProxy;
			containerPortal = 6AC3DA8B1DFBDBB700362FF5 /* SQLite.xcodeproj */;
			proxyType = 2;
			remoteGlobalIDString = 03A65E631C6BB0F60062603F;
			remoteInfo = "SQLiteTests tvOS";
		};
		6AC3DAA11DFBDBB700362FF5 /* PBXContainerItemProxy */ = {
			isa = PBXContainerItemProxy;
			containerPortal = 6AC3DA8B1DFBDBB700362FF5 /* SQLite.xcodeproj */;
			proxyType = 2;
			remoteGlobalIDString = A121AC451CA35C79005A31D1;
			remoteInfo = "SQLite watchOS";
		};
/* End PBXContainerItemProxy section */

/* Begin PBXFileReference section */
		6AC3DA8B1DFBDBB700362FF5 /* SQLite.xcodeproj */ = {isa = PBXFileReference; lastKnownFileType = "wrapper.pb-project"; name = SQLite.xcodeproj; path = ../Externals/SQLite.swift/SQLite.xcodeproj; sourceTree = "<group>"; };
		6ADFCC681DFBD79F005F3F9B /* SQLiteTest.app */ = {isa = PBXFileReference; explicitFileType = wrapper.application; includeInIndex = 0; path = SQLiteTest.app; sourceTree = BUILT_PRODUCTS_DIR; };
		6ADFCC6B1DFBD79F005F3F9B /* AppDelegate.swift */ = {isa = PBXFileReference; lastKnownFileType = sourcecode.swift; path = AppDelegate.swift; sourceTree = "<group>"; };
		6ADFCC6D1DFBD79F005F3F9B /* ViewController.swift */ = {isa = PBXFileReference; lastKnownFileType = sourcecode.swift; path = ViewController.swift; sourceTree = "<group>"; };
		6ADFCC6F1DFBD79F005F3F9B /* Assets.xcassets */ = {isa = PBXFileReference; lastKnownFileType = folder.assetcatalog; path = Assets.xcassets; sourceTree = "<group>"; };
		6ADFCC721DFBD79F005F3F9B /* Base */ = {isa = PBXFileReference; lastKnownFileType = file.storyboard; name = Base; path = Base.lproj/Main.storyboard; sourceTree = "<group>"; };
		6ADFCC741DFBD79F005F3F9B /* Info.plist */ = {isa = PBXFileReference; lastKnownFileType = text.plist.xml; path = Info.plist; sourceTree = "<group>"; };
/* End PBXFileReference section */

/* Begin PBXFrameworksBuildPhase section */
		6ADFCC651DFBD79F005F3F9B /* Frameworks */ = {
			isa = PBXFrameworksBuildPhase;
			buildActionMask = 2147483647;
			files = (
				6AC3DAA31DFBDBC600362FF5 /* SQLite.framework in Frameworks */,
			);
			runOnlyForDeploymentPostprocessing = 0;
		};
/* End PBXFrameworksBuildPhase section */

/* Begin PBXGroup section */
		6AC3DA8C1DFBDBB700362FF5 /* Products */ = {
			isa = PBXGroup;
			children = (
				6AC3DA961DFBDBB700362FF5 /* SQLite.framework */,
				6AC3DA981DFBDBB700362FF5 /* SQLiteTests iOS.xctest */,
				6AC3DA9A1DFBDBB700362FF5 /* SQLite.framework */,
				6AC3DA9C1DFBDBB700362FF5 /* SQLiteTests Mac.xctest */,
				6AC3DA9E1DFBDBB700362FF5 /* SQLite.framework */,
				6AC3DAA01DFBDBB700362FF5 /* SQLiteTests tvOS.xctest */,
				6AC3DAA21DFBDBB700362FF5 /* SQLite.framework */,
			);
			name = Products;
			sourceTree = "<group>";
		};
		6ADFCC5F1DFBD79F005F3F9B = {
			isa = PBXGroup;
			children = (
				6ADFCC6A1DFBD79F005F3F9B /* SQLiteTest */,
				6ADFCC691DFBD79F005F3F9B /* Products */,
				6AC3DA8B1DFBDBB700362FF5 /* SQLite.xcodeproj */,
			);
			sourceTree = "<group>";
		};
		6ADFCC691DFBD79F005F3F9B /* Products */ = {
			isa = PBXGroup;
			children = (
				6ADFCC681DFBD79F005F3F9B /* SQLiteTest.app */,
			);
			name = Products;
			sourceTree = "<group>";
		};
		6ADFCC6A1DFBD79F005F3F9B /* SQLiteTest */ = {
			isa = PBXGroup;
			children = (
				6ADFCC6B1DFBD79F005F3F9B /* AppDelegate.swift */,
				6ADFCC6D1DFBD79F005F3F9B /* ViewController.swift */,
				6ADFCC6F1DFBD79F005F3F9B /* Assets.xcassets */,
				6ADFCC711DFBD79F005F3F9B /* Main.storyboard */,
				6ADFCC741DFBD79F005F3F9B /* Info.plist */,
			);
			path = SQLiteTest;
			sourceTree = "<group>";
		};
/* End PBXGroup section */

/* Begin PBXNativeTarget section */
		6ADFCC671DFBD79F005F3F9B /* SQLiteTest */ = {
			isa = PBXNativeTarget;
			buildConfigurationList = 6ADFCC771DFBD79F005F3F9B /* Build configuration list for PBXNativeTarget "SQLiteTest" */;
			buildPhases = (
				6ADFCC641DFBD79F005F3F9B /* Sources */,
				6ADFCC651DFBD79F005F3F9B /* Frameworks */,
				6ADFCC661DFBD79F005F3F9B /* Resources */,
			);
			buildRules = (
			);
			dependencies = (
			);
			name = SQLiteTest;
			productName = SQLiteTest;
			productReference = 6ADFCC681DFBD79F005F3F9B /* SQLiteTest.app */;
			productType = "com.apple.product-type.application";
		};
/* End PBXNativeTarget section */

/* Begin PBXProject section */
		6ADFCC601DFBD79F005F3F9B /* Project object */ = {
			isa = PBXProject;
			attributes = {
				LastSwiftUpdateCheck = 0810;
				LastUpgradeCheck = 0810;
				ORGANIZATIONNAME = tsuchiyamamasaru;
				TargetAttributes = {
					6ADFCC671DFBD79F005F3F9B = {
						CreatedOnToolsVersion = 8.1;
						DevelopmentTeam = 6DTRP336X8;
						ProvisioningStyle = Automatic;
					};
				};
			};
			buildConfigurationList = 6ADFCC631DFBD79F005F3F9B /* Build configuration list for PBXProject "SQLiteTest" */;
			compatibilityVersion = "Xcode 3.2";
			developmentRegion = English;
			hasScannedForEncodings = 0;
			knownRegions = (
				en,
				Base,
			);
			mainGroup = 6ADFCC5F1DFBD79F005F3F9B;
			productRefGroup = 6ADFCC691DFBD79F005F3F9B /* Products */;
			projectDirPath = "";
			projectReferences = (
				{
					ProductGroup = 6AC3DA8C1DFBDBB700362FF5 /* Products */;
					ProjectRef = 6AC3DA8B1DFBDBB700362FF5 /* SQLite.xcodeproj */;
				},
			);
			projectRoot = "";
			targets = (
				6ADFCC671DFBD79F005F3F9B /* SQLiteTest */,
			);
		};
/* End PBXProject section */

/* Begin PBXReferenceProxy section */
		6AC3DA961DFBDBB700362FF5 /* SQLite.framework */ = {
			isa = PBXReferenceProxy;
			fileType = wrapper.framework;
			path = SQLite.framework;
			remoteRef = 6AC3DA951DFBDBB700362FF5 /* PBXContainerItemProxy */;
			sourceTree = BUILT_PRODUCTS_DIR;
		};
		6AC3DA981DFBDBB700362FF5 /* SQLiteTests iOS.xctest */ = {
			isa = PBXReferenceProxy;
			fileType = wrapper.cfbundle;
			path = "SQLiteTests iOS.xctest";
			remoteRef = 6AC3DA971DFBDBB700362FF5 /* PBXContainerItemProxy */;
			sourceTree = BUILT_PRODUCTS_DIR;
		};
		6AC3DA9A1DFBDBB700362FF5 /* SQLite.framework */ = {
			isa = PBXReferenceProxy;
			fileType = wrapper.framework;
			path = SQLite.framework;
			remoteRef = 6AC3DA991DFBDBB700362FF5 /* PBXContainerItemProxy */;
			sourceTree = BUILT_PRODUCTS_DIR;
		};
		6AC3DA9C1DFBDBB700362FF5 /* SQLiteTests Mac.xctest */ = {
			isa = PBXReferenceProxy;
			fileType = wrapper.cfbundle;
			path = "SQLiteTests Mac.xctest";
			remoteRef = 6AC3DA9B1DFBDBB700362FF5 /* PBXContainerItemProxy */;
			sourceTree = BUILT_PRODUCTS_DIR;
		};
		6AC3DA9E1DFBDBB700362FF5 /* SQLite.framework */ = {
			isa = PBXReferenceProxy;
			fileType = wrapper.framework;
			path = SQLite.framework;
			remoteRef = 6AC3DA9D1DFBDBB700362FF5 /* PBXContainerItemProxy */;
			sourceTree = BUILT_PRODUCTS_DIR;
		};
		6AC3DAA01DFBDBB700362FF5 /* SQLiteTests tvOS.xctest */ = {
			isa = PBXReferenceProxy;
			fileType = wrapper.cfbundle;
			path = "SQLiteTests tvOS.xctest";
			remoteRef = 6AC3DA9F1DFBDBB700362FF5 /* PBXContainerItemProxy */;
			sourceTree = BUILT_PRODUCTS_DIR;
		};
		6AC3DAA21DFBDBB700362FF5 /* SQLite.framework */ = {
			isa = PBXReferenceProxy;
			fileType = wrapper.framework;
			path = SQLite.framework;
			remoteRef = 6AC3DAA11DFBDBB700362FF5 /* PBXContainerItemProxy */;
			sourceTree = BUILT_PRODUCTS_DIR;
		};
/* End PBXReferenceProxy section */

/* Begin PBXResourcesBuildPhase section */
		6ADFCC661DFBD79F005F3F9B /* Resources */ = {
			isa = PBXResourcesBuildPhase;
			buildActionMask = 2147483647;
			files = (
				6ADFCC701DFBD79F005F3F9B /* Assets.xcassets in Resources */,
				6ADFCC731DFBD79F005F3F9B /* Main.storyboard in Resources */,
			);
			runOnlyForDeploymentPostprocessing = 0;
		};
/* End PBXResourcesBuildPhase section */

/* Begin PBXSourcesBuildPhase section */
		6ADFCC641DFBD79F005F3F9B /* Sources */ = {
			isa = PBXSourcesBuildPhase;
			buildActionMask = 2147483647;
			files = (
				6ADFCC6E1DFBD79F005F3F9B /* ViewController.swift in Sources */,
				6ADFCC6C1DFBD79F005F3F9B /* AppDelegate.swift in Sources */,
			);
			runOnlyForDeploymentPostprocessing = 0;
		};
/* End PBXSourcesBuildPhase section */

/* Begin PBXVariantGroup section */
		6ADFCC711DFBD79F005F3F9B /* Main.storyboard */ = {
			isa = PBXVariantGroup;
			children = (
				6ADFCC721DFBD79F005F3F9B /* Base */,
			);
			name = Main.storyboard;
			sourceTree = "<group>";
		};
/* End PBXVariantGroup section */

/* Begin XCBuildConfiguration section */
		6ADFCC751DFBD79F005F3F9B /* Debug */ = {
			isa = XCBuildConfiguration;
			buildSettings = {
				ALWAYS_SEARCH_USER_PATHS = NO;
				CLANG_ANALYZER_NONNULL = YES;
				CLANG_CXX_LANGUAGE_STANDARD = "gnu++0x";
				CLANG_CXX_LIBRARY = "libc++";
				CLANG_ENABLE_MODULES = YES;
				CLANG_ENABLE_OBJC_ARC = YES;
				CLANG_WARN_BOOL_CONVERSION = YES;
				CLANG_WARN_CONSTANT_CONVERSION = YES;
				CLANG_WARN_DIRECT_OBJC_ISA_USAGE = YES_ERROR;
				CLANG_WARN_DOCUMENTATION_COMMENTS = YES;
				CLANG_WARN_EMPTY_BODY = YES;
				CLANG_WARN_ENUM_CONVERSION = YES;
				CLANG_WARN_INFINITE_RECURSION = YES;
				CLANG_WARN_INT_CONVERSION = YES;
				CLANG_WARN_OBJC_ROOT_CLASS = YES_ERROR;
				CLANG_WARN_SUSPICIOUS_MOVES = YES;
				CLANG_WARN_UNREACHABLE_CODE = YES;
				CLANG_WARN__DUPLICATE_METHOD_MATCH = YES;
				CODE_SIGN_IDENTITY = "-";
				COPY_PHASE_STRIP = NO;
				DEBUG_INFORMATION_FORMAT = dwarf;
				ENABLE_STRICT_OBJC_MSGSEND = YES;
				ENABLE_TESTABILITY = YES;
				GCC_C_LANGUAGE_STANDARD = gnu99;
				GCC_DYNAMIC_NO_PIC = NO;
				GCC_NO_COMMON_BLOCKS = YES;
				GCC_OPTIMIZATION_LEVEL = 0;
				GCC_PREPROCESSOR_DEFINITIONS = (
					"DEBUG=1",
					"$(inherited)",
				);
				GCC_WARN_64_TO_32_BIT_CONVERSION = YES;
				GCC_WARN_ABOUT_RETURN_TYPE = YES_ERROR;
				GCC_WARN_UNDECLARED_SELECTOR = YES;
				GCC_WARN_UNINITIALIZED_AUTOS = YES_AGGRESSIVE;
				GCC_WARN_UNUSED_FUNCTION = YES;
				GCC_WARN_UNUSED_VARIABLE = YES;
				MACOSX_DEPLOYMENT_TARGET = 10.12;
				MTL_ENABLE_DEBUG_INFO = YES;
				ONLY_ACTIVE_ARCH = YES;
				SDKROOT = macosx;
				SWIFT_ACTIVE_COMPILATION_CONDITIONS = DEBUG;
				SWIFT_OPTIMIZATION_LEVEL = "-Onone";
			};
			name = Debug;
		};
		6ADFCC761DFBD79F005F3F9B /* Release */ = {
			isa = XCBuildConfiguration;
			buildSettings = {
				ALWAYS_SEARCH_USER_PATHS = NO;
				CLANG_ANALYZER_NONNULL = YES;
				CLANG_CXX_LANGUAGE_STANDARD = "gnu++0x";
				CLANG_CXX_LIBRARY = "libc++";
				CLANG_ENABLE_MODULES = YES;
				CLANG_ENABLE_OBJC_ARC = YES;
				CLANG_WARN_BOOL_CONVERSION = YES;
				CLANG_WARN_CONSTANT_CONVERSION = YES;
				CLANG_WARN_DIRECT_OBJC_ISA_USAGE = YES_ERROR;
				CLANG_WARN_DOCUMENTATION_COMMENTS = YES;
				CLANG_WARN_EMPTY_BODY = YES;
				CLANG_WARN_ENUM_CONVERSION = YES;
				CLANG_WARN_INFINITE_RECURSION = YES;
				CLANG_WARN_INT_CONVERSION = YES;
				CLANG_WARN_OBJC_ROOT_CLASS = YES_ERROR;
				CLANG_WARN_SUSPICIOUS_MOVES = YES;
				CLANG_WARN_UNREACHABLE_CODE = YES;
				CLANG_WARN__DUPLICATE_METHOD_MATCH = YES;
				CODE_SIGN_IDENTITY = "-";
				COPY_PHASE_STRIP = NO;
				DEBUG_INFORMATION_FORMAT = "dwarf-with-dsym";
				ENABLE_NS_ASSERTIONS = NO;
				ENABLE_STRICT_OBJC_MSGSEND = YES;
				GCC_C_LANGUAGE_STANDARD = gnu99;
				GCC_NO_COMMON_BLOCKS = YES;
				GCC_WARN_64_TO_32_BIT_CONVERSION = YES;
				GCC_WARN_ABOUT_RETURN_TYPE = YES_ERROR;
				GCC_WARN_UNDECLARED_SELECTOR = YES;
				GCC_WARN_UNINITIALIZED_AUTOS = YES_AGGRESSIVE;
				GCC_WARN_UNUSED_FUNCTION = YES;
				GCC_WARN_UNUSED_VARIABLE = YES;
				MACOSX_DEPLOYMENT_TARGET = 10.12;
				MTL_ENABLE_DEBUG_INFO = NO;
				SDKROOT = macosx;
				SWIFT_OPTIMIZATION_LEVEL = "-Owholemodule";
			};
			name = Release;
		};
		6ADFCC781DFBD79F005F3F9B /* Debug */ = {
			isa = XCBuildConfiguration;
			buildSettings = {
				ASSETCATALOG_COMPILER_APPICON_NAME = AppIcon;
				COMBINE_HIDPI_IMAGES = YES;
				DEVELOPMENT_TEAM = 6DTRP336X8;
				INFOPLIST_FILE = SQLiteTest/Info.plist;
				LD_RUNPATH_SEARCH_PATHS = "$(inherited) @executable_path/../Frameworks";
				PRODUCT_BUNDLE_IDENTIFIER = com.tsuchiyama.SQLiteTest;
				PRODUCT_NAME = "$(TARGET_NAME)";
				SWIFT_VERSION = 3.0;
			};
			name = Debug;
		};
		6ADFCC791DFBD79F005F3F9B /* Release */ = {
			isa = XCBuildConfiguration;
			buildSettings = {
				ASSETCATALOG_COMPILER_APPICON_NAME = AppIcon;
				COMBINE_HIDPI_IMAGES = YES;
				DEVELOPMENT_TEAM = 6DTRP336X8;
				INFOPLIST_FILE = SQLiteTest/Info.plist;
				LD_RUNPATH_SEARCH_PATHS = "$(inherited) @executable_path/../Frameworks";
				PRODUCT_BUNDLE_IDENTIFIER = com.tsuchiyama.SQLiteTest;
				PRODUCT_NAME = "$(TARGET_NAME)";
				SWIFT_VERSION = 3.0;
			};
			name = Release;
		};
/* End XCBuildConfiguration section */

/* Begin XCConfigurationList section */
		6ADFCC631DFBD79F005F3F9B /* Build configuration list for PBXProject "SQLiteTest" */ = {
			isa = XCConfigurationList;
			buildConfigurations = (
				6ADFCC751DFBD79F005F3F9B /* Debug */,
				6ADFCC761DFBD79F005F3F9B /* Release */,
			);
			defaultConfigurationIsVisible = 0;
			defaultConfigurationName = Release;
		};
		6ADFCC771DFBD79F005F3F9B /* Build configuration list for PBXNativeTarget "SQLiteTest" */ = {
			isa = XCConfigurationList;
			buildConfigurations = (
				6ADFCC781DFBD79F005F3F9B /* Debug */,
				6ADFCC791DFBD79F005F3F9B /* Release */,
			);
			defaultConfigurationIsVisible = 0;
			defaultConfigurationName = Release;
		};
/* End XCConfigurationList section */
	};
	rootObject = 6ADFCC601DFBD79F005F3F9B /* Project object */;
}
